
Microsoft Visual Studio Solution File, Format Version 12.00
# Visual Studio 15
VisualStudioVersion = 15.0.28307.421
MinimumVisualStudioVersion = 10.0.40219.1
Project("{FAE04EC0-301F-11D3-BF4B-00C04F79EFBC}") = "PrimerLab", "ConsoleApp1\PrimerLab.csproj", "{FFA73751-812A-4CC4-9FA9-218DD54121FF}"
EndProject
Global
	GlobalSection(SolutionConfigurationPlatforms) = preSolution
		Debug|Any CPU = Debug|Any CPU
		Release|Any CPU = Release|Any CPU
	EndGlobalSection
	GlobalSection(ProjectConfigurationPlatforms) = postSolution
		{FFA73751-812A-4CC4-9FA9-218DD54121FF}.Debug|Any CPU.ActiveCfg = Debug|Any CPU
		{FFA73751-812A-4CC4-9FA9-218DD54121FF}.Debug|Any CPU.Build.0 = Debug|Any CPU
		{FFA73751-812A-4CC4-9FA9-218DD54121FF}.Release|Any CPU.ActiveCfg = Release|Any CPU
		{FFA73751-812A-4CC4-9FA9-218DD54121FF}.Release|Any CPU.Build.0 = Release|Any CPU
	EndGlobalSection
	GlobalSection(SolutionProperties) = preSolution
		HideSolutionNode = FALSE
	EndGlobalSection
	GlobalSection(ExtensibilityGlobals) = postSolution
		SolutionGuid = {0DCAD85F-4D08-4EB1-8973-3F2037348BDD}
	EndGlobalSection
EndGlobal
